// !$*UTF8*$!
{
	archiveVersion = 1;
	classes = {
	};
	objectVersion = 50;
	objects = {

/* Begin PBXBuildFile section */
		7B3E492F2160C07100961858 /* TaskListProtocols.swift in Sources */ = {isa = PBXBuildFile; fileRef = 7B3E492E2160C07100961858 /* TaskListProtocols.swift */; };
		7B3E49312160C0A700961858 /* TaskItem.swift in Sources */ = {isa = PBXBuildFile; fileRef = 7B3E49302160C0A700961858 /* TaskItem.swift */; };
		7B3E49332160E19200961858 /* TasksManager.swift in Sources */ = {isa = PBXBuildFile; fileRef = 7B3E49322160E19200961858 /* TasksManager.swift */; };
		7B3E49362160E3D200961858 /* TaskListInteractor.swift in Sources */ = {isa = PBXBuildFile; fileRef = 7B3E49352160E3D200961858 /* TaskListInteractor.swift */; };
		7B3E49392160E70100961858 /* TaskListPresenter.swift in Sources */ = {isa = PBXBuildFile; fileRef = 7B3E49382160E70100961858 /* TaskListPresenter.swift */; };
		7B3E493C216115E400961858 /* TaskListRouter.swift in Sources */ = {isa = PBXBuildFile; fileRef = 7B3E493B216115E400961858 /* TaskListRouter.swift */; };
		7B3E494021612F1000961858 /* TaskDetailProtocols.swift in Sources */ = {isa = PBXBuildFile; fileRef = 7B3E493F21612F1000961858 /* TaskDetailProtocols.swift */; };
		7B3E49432161324B00961858 /* TaskDetailRouter.swift in Sources */ = {isa = PBXBuildFile; fileRef = 7B3E49422161324B00961858 /* TaskDetailRouter.swift */; };
		7B3E4946216133DB00961858 /* TaskDetailPresenter.swift in Sources */ = {isa = PBXBuildFile; fileRef = 7B3E4945216133DB00961858 /* TaskDetailPresenter.swift */; };
		7B3E49492161354E00961858 /* TaskDetailInteractor.swift in Sources */ = {isa = PBXBuildFile; fileRef = 7B3E49482161354E00961858 /* TaskDetailInteractor.swift */; };
		7B6F6408215782F30079749C /* AppDelegate.swift in Sources */ = {isa = PBXBuildFile; fileRef = 7B6F6407215782F30079749C /* AppDelegate.swift */; };
		7B6F640A215782F30079749C /* TaskListViewController.swift in Sources */ = {isa = PBXBuildFile; fileRef = 7B6F6409215782F30079749C /* TaskListViewController.swift */; };
		7B6F640D215782F30079749C /* Main.storyboard in Resources */ = {isa = PBXBuildFile; fileRef = 7B6F640B215782F30079749C /* Main.storyboard */; };
		7B6F640F215782FD0079749C /* Assets.xcassets in Resources */ = {isa = PBXBuildFile; fileRef = 7B6F640E215782FD0079749C /* Assets.xcassets */; };
		7B6F6412215782FD0079749C /* LaunchScreen.storyboard in Resources */ = {isa = PBXBuildFile; fileRef = 7B6F6410215782FD0079749C /* LaunchScreen.storyboard */; };
		7B6F641A215784650079749C /* TaskDetailViewController.swift in Sources */ = {isa = PBXBuildFile; fileRef = 7B6F6419215784650079749C /* TaskDetailViewController.swift */; };
/* End PBXBuildFile section */

/* Begin PBXFileReference section */
		7B3E492E2160C07100961858 /* TaskListProtocols.swift */ = {isa = PBXFileReference; lastKnownFileType = sourcecode.swift; path = TaskListProtocols.swift; sourceTree = "<group>"; };
		7B3E49302160C0A700961858 /* TaskItem.swift */ = {isa = PBXFileReference; lastKnownFileType = sourcecode.swift; path = TaskItem.swift; sourceTree = "<group>"; };
		7B3E49322160E19200961858 /* TasksManager.swift */ = {isa = PBXFileReference; lastKnownFileType = sourcecode.swift; path = TasksManager.swift; sourceTree = "<group>"; };
		7B3E49352160E3D200961858 /* TaskListInteractor.swift */ = {isa = PBXFileReference; lastKnownFileType = sourcecode.swift; path = TaskListInteractor.swift; sourceTree = "<group>"; };
		7B3E49382160E70100961858 /* TaskListPresenter.swift */ = {isa = PBXFileReference; lastKnownFileType = sourcecode.swift; path = TaskListPresenter.swift; sourceTree = "<group>"; };
		7B3E493B216115E400961858 /* TaskListRouter.swift */ = {isa = PBXFileReference; lastKnownFileType = sourcecode.swift; path = TaskListRouter.swift; sourceTree = "<group>"; };
		7B3E493F21612F1000961858 /* TaskDetailProtocols.swift */ = {isa = PBXFileReference; lastKnownFileType = sourcecode.swift; path = TaskDetailProtocols.swift; sourceTree = "<group>"; };
		7B3E49422161324B00961858 /* TaskDetailRouter.swift */ = {isa = PBXFileReference; lastKnownFileType = sourcecode.swift; path = TaskDetailRouter.swift; sourceTree = "<group>"; };
		7B3E4945216133DB00961858 /* TaskDetailPresenter.swift */ = {isa = PBXFileReference; lastKnownFileType = sourcecode.swift; path = TaskDetailPresenter.swift; sourceTree = "<group>"; };
		7B3E49482161354E00961858 /* TaskDetailInteractor.swift */ = {isa = PBXFileReference; lastKnownFileType = sourcecode.swift; path = TaskDetailInteractor.swift; sourceTree = "<group>"; };
		7B6F6404215782F30079749C /* TaskLogger.app */ = {isa = PBXFileReference; explicitFileType = wrapper.application; includeInIndex = 0; path = TaskLogger.app; sourceTree = BUILT_PRODUCTS_DIR; };
		7B6F6407215782F30079749C /* AppDelegate.swift */ = {isa = PBXFileReference; lastKnownFileType = sourcecode.swift; path = AppDelegate.swift; sourceTree = "<group>"; };
		7B6F6409215782F30079749C /* TaskListViewController.swift */ = {isa = PBXFileReference; lastKnownFileType = sourcecode.swift; path = TaskListViewController.swift; sourceTree = "<group>"; };
		7B6F640C215782F30079749C /* Base */ = {isa = PBXFileReference; lastKnownFileType = file.storyboard; name = Base; path = Base.lproj/Main.storyboard; sourceTree = "<group>"; };
		7B6F640E215782FD0079749C /* Assets.xcassets */ = {isa = PBXFileReference; lastKnownFileType = folder.assetcatalog; path = Assets.xcassets; sourceTree = "<group>"; };
		7B6F6411215782FD0079749C /* Base */ = {isa = PBXFileReference; lastKnownFileType = file.storyboard; name = Base; path = Base.lproj/LaunchScreen.storyboard; sourceTree = "<group>"; };
		7B6F6413215782FD0079749C /* Info.plist */ = {isa = PBXFileReference; lastKnownFileType = text.plist.xml; path = Info.plist; sourceTree = "<group>"; };
		7B6F6419215784650079749C /* TaskDetailViewController.swift */ = {isa = PBXFileReference; lastKnownFileType = sourcecode.swift; path = TaskDetailViewController.swift; sourceTree = "<group>"; };
/* End PBXFileReference section */

/* Begin PBXFrameworksBuildPhase section */
		7B6F6401215782F30079749C /* Frameworks */ = {
			isa = PBXFrameworksBuildPhase;
			buildActionMask = 2147483647;
			files = (
			);
			runOnlyForDeploymentPostprocessing = 0;
		};
/* End PBXFrameworksBuildPhase section */

/* Begin PBXGroup section */
		7B3E492C2160C02F00961858 /* TaskList */ = {
			isa = PBXGroup;
			children = (
				7B572BF02162C8B600D7E9F7 /* View */,
				7B3E493A2161157F00961858 /* Router */,
				7B3E49372160E6ED00961858 /* Presenter */,
				7B3E49342160E39100961858 /* Interactor */,
				7B3E492D2160C05300961858 /* Protocols */,
			);
			path = TaskList;
			sourceTree = "<group>";
		};
		7B3E492D2160C05300961858 /* Protocols */ = {
			isa = PBXGroup;
			children = (
				7B3E492E2160C07100961858 /* TaskListProtocols.swift */,
			);
			path = Protocols;
			sourceTree = "<group>";
		};
		7B3E49342160E39100961858 /* Interactor */ = {
			isa = PBXGroup;
			children = (
				7B3E49352160E3D200961858 /* TaskListInteractor.swift */,
			);
			path = Interactor;
			sourceTree = "<group>";
		};
		7B3E49372160E6ED00961858 /* Presenter */ = {
			isa = PBXGroup;
			children = (
				7B3E49382160E70100961858 /* TaskListPresenter.swift */,
			);
			path = Presenter;
			sourceTree = "<group>";
		};
		7B3E493A2161157F00961858 /* Router */ = {
			isa = PBXGroup;
			children = (
				7B3E493B216115E400961858 /* TaskListRouter.swift */,
			);
			path = Router;
			sourceTree = "<group>";
		};
		7B3E493D21612EF100961858 /* TaskDetail */ = {
			isa = PBXGroup;
			children = (
				7B3E494A216136C300961858 /* View */,
				7B3E49472161353F00961858 /* Interactor */,
				7B3E4944216133CE00961858 /* Presenter */,
				7B3E49412161323900961858 /* Router */,
				7B3E493E21612EFA00961858 /* Protocols */,
			);
			path = TaskDetail;
			sourceTree = "<group>";
		};
		7B3E493E21612EFA00961858 /* Protocols */ = {
			isa = PBXGroup;
			children = (
				7B3E493F21612F1000961858 /* TaskDetailProtocols.swift */,
			);
			path = Protocols;
			sourceTree = "<group>";
		};
		7B3E49412161323900961858 /* Router */ = {
			isa = PBXGroup;
			children = (
				7B3E49422161324B00961858 /* TaskDetailRouter.swift */,
			);
			path = Router;
			sourceTree = "<group>";
		};
		7B3E4944216133CE00961858 /* Presenter */ = {
			isa = PBXGroup;
			children = (
				7B3E4945216133DB00961858 /* TaskDetailPresenter.swift */,
			);
			path = Presenter;
			sourceTree = "<group>";
		};
		7B3E49472161353F00961858 /* Interactor */ = {
			isa = PBXGroup;
			children = (
				7B3E49482161354E00961858 /* TaskDetailInteractor.swift */,
			);
			path = Interactor;
			sourceTree = "<group>";
		};
		7B3E494A216136C300961858 /* View */ = {
			isa = PBXGroup;
			children = (
				7B6F6419215784650079749C /* TaskDetailViewController.swift */,
			);
			path = View;
			sourceTree = "<group>";
		};
		7B572BEF2162C8A300D7E9F7 /* Entities */ = {
			isa = PBXGroup;
			children = (
				7B3E49302160C0A700961858 /* TaskItem.swift */,
				7B3E49322160E19200961858 /* TasksManager.swift */,
			);
			path = Entities;
			sourceTree = "<group>";
		};
		7B572BF02162C8B600D7E9F7 /* View */ = {
			isa = PBXGroup;
			children = (
				7B6F6409215782F30079749C /* TaskListViewController.swift */,
			);
			path = View;
			sourceTree = "<group>";
		};
		7B6F63FB215782F30079749C = {
			isa = PBXGroup;
			children = (
				7B6F6406215782F30079749C /* TaskLogger */,
				7B6F6405215782F30079749C /* Products */,
			);
			sourceTree = "<group>";
		};
		7B6F6405215782F30079749C /* Products */ = {
			isa = PBXGroup;
			children = (
				7B6F6404215782F30079749C /* TaskLogger.app */,
			);
			name = Products;
			sourceTree = "<group>";
		};
		7B6F6406215782F30079749C /* TaskLogger */ = {
			isa = PBXGroup;
			children = (
				7B572BEF2162C8A300D7E9F7 /* Entities */,
				7B3E493D21612EF100961858 /* TaskDetail */,
				7B3E492C2160C02F00961858 /* TaskList */,
				7B6F6407215782F30079749C /* AppDelegate.swift */,
				7B6F640B215782F30079749C /* Main.storyboard */,
				7B6F640E215782FD0079749C /* Assets.xcassets */,
				7B6F6410215782FD0079749C /* LaunchScreen.storyboard */,
				7B6F6413215782FD0079749C /* Info.plist */,
			);
			path = TaskLogger;
			sourceTree = "<group>";
		};
/* End PBXGroup section */

/* Begin PBXNativeTarget section */
		7B6F6403215782F30079749C /* TaskLogger */ = {
			isa = PBXNativeTarget;
			buildConfigurationList = 7B6F6416215782FD0079749C /* Build configuration list for PBXNativeTarget "TaskLogger" */;
			buildPhases = (
				7B6F6400215782F30079749C /* Sources */,
				7B6F6401215782F30079749C /* Frameworks */,
				7B6F6402215782F30079749C /* Resources */,
			);
			buildRules = (
			);
			dependencies = (
			);
			name = TaskLogger;
			productName = TaskList;
			productReference = 7B6F6404215782F30079749C /* TaskLogger.app */;
			productType = "com.apple.product-type.application";
		};
/* End PBXNativeTarget section */

/* Begin PBXProject section */
		7B6F63FC215782F30079749C /* Project object */ = {
			isa = PBXProject;
			attributes = {
				LastSwiftUpdateCheck = 0940;
				LastUpgradeCheck = 0940;
				ORGANIZATIONNAME = "Aaqib Hussain";
				TargetAttributes = {
					7B6F6403215782F30079749C = {
						CreatedOnToolsVersion = 9.4;
					};
				};
			};
			buildConfigurationList = 7B6F63FF215782F30079749C /* Build configuration list for PBXProject "TaskLogger" */;
			compatibilityVersion = "Xcode 9.3";
			developmentRegion = en;
			hasScannedForEncodings = 0;
			knownRegions = (
				en,
				Base,
			);
			mainGroup = 7B6F63FB215782F30079749C;
			productRefGroup = 7B6F6405215782F30079749C /* Products */;
			projectDirPath = "";
			projectRoot = "";
			targets = (
				7B6F6403215782F30079749C /* TaskLogger */,
			);
		};
/* End PBXProject section */

/* Begin PBXResourcesBuildPhase section */
		7B6F6402215782F30079749C /* Resources */ = {
			isa = PBXResourcesBuildPhase;
			buildActionMask = 2147483647;
			files = (
				7B6F6412215782FD0079749C /* LaunchScreen.storyboard in Resources */,
				7B6F640F215782FD0079749C /* Assets.xcassets in Resources */,
				7B6F640D215782F30079749C /* Main.storyboard in Resources */,
			);
			runOnlyForDeploymentPostprocessing = 0;
		};
/* End PBXResourcesBuildPhase section */

/* Begin PBXSourcesBuildPhase section */
		7B6F6400215782F30079749C /* Sources */ = {
			isa = PBXSourcesBuildPhase;
			buildActionMask = 2147483647;
			files = (
				7B6F641A215784650079749C /* TaskDetailViewController.swift in Sources */,
				7B3E49392160E70100961858 /* TaskListPresenter.swift in Sources */,
				7B3E4946216133DB00961858 /* TaskDetailPresenter.swift in Sources */,
				7B3E49312160C0A700961858 /* TaskItem.swift in Sources */,
				7B3E494021612F1000961858 /* TaskDetailProtocols.swift in Sources */,
				7B3E49432161324B00961858 /* TaskDetailRouter.swift in Sources */,
				7B3E49332160E19200961858 /* TasksManager.swift in Sources */,
				7B3E493C216115E400961858 /* TaskListRouter.swift in Sources */,
				7B3E49492161354E00961858 /* TaskDetailInteractor.swift in Sources */,
				7B6F640A215782F30079749C /* TaskListViewController.swift in Sources */,
				7B3E492F2160C07100961858 /* TaskListProtocols.swift in Sources */,
				7B6F6408215782F30079749C /* AppDelegate.swift in Sources */,
				7B3E49362160E3D200961858 /* TaskListInteractor.swift in Sources */,
			);
			runOnlyForDeploymentPostprocessing = 0;
		};
/* End PBXSourcesBuildPhase section */

/* Begin PBXVariantGroup section */
		7B6F640B215782F30079749C /* Main.storyboard */ = {
			isa = PBXVariantGroup;
			children = (
				7B6F640C215782F30079749C /* Base */,
			);
			name = Main.storyboard;
			sourceTree = "<group>";
		};
		7B6F6410215782FD0079749C /* LaunchScreen.storyboard */ = {
			isa = PBXVariantGroup;
			children = (
				7B6F6411215782FD0079749C /* Base */,
			);
			name = LaunchScreen.storyboard;
			sourceTree = "<group>";
		};
/* End PBXVariantGroup section */

/* Begin XCBuildConfiguration section */
		7B6F6414215782FD0079749C /* Debug */ = {
			isa = XCBuildConfiguration;
			buildSettings = {
				ALWAYS_SEARCH_USER_PATHS = NO;
				CLANG_ANALYZER_NONNULL = YES;
				CLANG_ANALYZER_NUMBER_OBJECT_CONVERSION = YES_AGGRESSIVE;
				CLANG_CXX_LANGUAGE_STANDARD = "gnu++14";
				CLANG_CXX_LIBRARY = "libc++";
				CLANG_ENABLE_MODULES = YES;
				CLANG_ENABLE_OBJC_ARC = YES;
				CLANG_ENABLE_OBJC_WEAK = YES;
				CLANG_WARN_BLOCK_CAPTURE_AUTORELEASING = YES;
				CLANG_WARN_BOOL_CONVERSION = YES;
				CLANG_WARN_COMMA = YES;
				CLANG_WARN_CONSTANT_CONVERSION = YES;
				CLANG_WARN_DEPRECATED_OBJC_IMPLEMENTATIONS = YES;
				CLANG_WARN_DIRECT_OBJC_ISA_USAGE = YES_ERROR;
				CLANG_WARN_DOCUMENTATION_COMMENTS = YES;
				CLANG_WARN_EMPTY_BODY = YES;
				CLANG_WARN_ENUM_CONVERSION = YES;
				CLANG_WARN_INFINITE_RECURSION = YES;
				CLANG_WARN_INT_CONVERSION = YES;
				CLANG_WARN_NON_LITERAL_NULL_CONVERSION = YES;
				CLANG_WARN_OBJC_IMPLICIT_RETAIN_SELF = YES;
				CLANG_WARN_OBJC_LITERAL_CONVERSION = YES;
				CLANG_WARN_OBJC_ROOT_CLASS = YES_ERROR;
				CLANG_WARN_RANGE_LOOP_ANALYSIS = YES;
				CLANG_WARN_STRICT_PROTOTYPES = YES;
				CLANG_WARN_SUSPICIOUS_MOVE = YES;
				CLANG_WARN_UNGUARDED_AVAILABILITY = YES_AGGRESSIVE;
				CLANG_WARN_UNREACHABLE_CODE = YES;
				CLANG_WARN__DUPLICATE_METHOD_MATCH = YES;
				CODE_SIGN_IDENTITY = "iPhone Developer";
				COPY_PHASE_STRIP = NO;
				DEBUG_INFORMATION_FORMAT = dwarf;
				ENABLE_STRICT_OBJC_MSGSEND = YES;
				ENABLE_TESTABILITY = YES;
				GCC_C_LANGUAGE_STANDARD = gnu11;
				GCC_DYNAMIC_NO_PIC = NO;
				GCC_NO_COMMON_BLOCKS = YES;
				GCC_OPTIMIZATION_LEVEL = 0;
				GCC_PREPROCESSOR_DEFINITIONS = (
					"DEBUG=1",
					"$(inherited)",
				);
				GCC_WARN_64_TO_32_BIT_CONVERSION = YES;
				GCC_WARN_ABOUT_RETURN_TYPE = YES_ERROR;
				GCC_WARN_UNDECLARED_SELECTOR = YES;
				GCC_WARN_UNINITIALIZED_AUTOS = YES_AGGRESSIVE;
				GCC_WARN_UNUSED_FUNCTION = YES;
				GCC_WARN_UNUSED_VARIABLE = YES;
				IPHONEOS_DEPLOYMENT_TARGET = 11.4;
				MTL_ENABLE_DEBUG_INFO = YES;
				ONLY_ACTIVE_ARCH = YES;
				SDKROOT = iphoneos;
				SWIFT_ACTIVE_COMPILATION_CONDITIONS = DEBUG;
				SWIFT_OPTIMIZATION_LEVEL = "-Onone";
			};
			name = Debug;
		};
		7B6F6415215782FD0079749C /* Release */ = {
			isa = XCBuildConfiguration;
			buildSettings = {
				ALWAYS_SEARCH_USER_PATHS = NO;
				CLANG_ANALYZER_NONNULL = YES;
				CLANG_ANALYZER_NUMBER_OBJECT_CONVERSION = YES_AGGRESSIVE;
				CLANG_CXX_LANGUAGE_STANDARD = "gnu++14";
				CLANG_CXX_LIBRARY = "libc++";
				CLANG_ENABLE_MODULES = YES;
				CLANG_ENABLE_OBJC_ARC = YES;
				CLANG_ENABLE_OBJC_WEAK = YES;
				CLANG_WARN_BLOCK_CAPTURE_AUTORELEASING = YES;
				CLANG_WARN_BOOL_CONVERSION = YES;
				CLANG_WARN_COMMA = YES;
				CLANG_WARN_CONSTANT_CONVERSION = YES;
				CLANG_WARN_DEPRECATED_OBJC_IMPLEMENTATIONS = YES;
				CLANG_WARN_DIRECT_OBJC_ISA_USAGE = YES_ERROR;
				CLANG_WARN_DOCUMENTATION_COMMENTS = YES;
				CLANG_WARN_EMPTY_BODY = YES;
				CLANG_WARN_ENUM_CONVERSION = YES;
				CLANG_WARN_INFINITE_RECURSION = YES;
				CLANG_WARN_INT_CONVERSION = YES;
				CLANG_WARN_NON_LITERAL_NULL_CONVERSION = YES;
				CLANG_WARN_OBJC_IMPLICIT_RETAIN_SELF = YES;
				CLANG_WARN_OBJC_LITERAL_CONVERSION = YES;
				CLANG_WARN_OBJC_ROOT_CLASS = YES_ERROR;
				CLANG_WARN_RANGE_LOOP_ANALYSIS = YES;
				CLANG_WARN_STRICT_PROTOTYPES = YES;
				CLANG_WARN_SUSPICIOUS_MOVE = YES;
				CLANG_WARN_UNGUARDED_AVAILABILITY = YES_AGGRESSIVE;
				CLANG_WARN_UNREACHABLE_CODE = YES;
				CLANG_WARN__DUPLICATE_METHOD_MATCH = YES;
				CODE_SIGN_IDENTITY = "iPhone Developer";
				COPY_PHASE_STRIP = NO;
				DEBUG_INFORMATION_FORMAT = "dwarf-with-dsym";
				ENABLE_NS_ASSERTIONS = NO;
				ENABLE_STRICT_OBJC_MSGSEND = YES;
				GCC_C_LANGUAGE_STANDARD = gnu11;
				GCC_NO_COMMON_BLOCKS = YES;
				GCC_WARN_64_TO_32_BIT_CONVERSION = YES;
				GCC_WARN_ABOUT_RETURN_TYPE = YES_ERROR;
				GCC_WARN_UNDECLARED_SELECTOR = YES;
				GCC_WARN_UNINITIALIZED_AUTOS = YES_AGGRESSIVE;
				GCC_WARN_UNUSED_FUNCTION = YES;
				GCC_WARN_UNUSED_VARIABLE = YES;
				IPHONEOS_DEPLOYMENT_TARGET = 11.4;
				MTL_ENABLE_DEBUG_INFO = NO;
				SDKROOT = iphoneos;
				SWIFT_COMPILATION_MODE = wholemodule;
				SWIFT_OPTIMIZATION_LEVEL = "-O";
				VALIDATE_PRODUCT = YES;
			};
			name = Release;
		};
		7B6F6417215782FD0079749C /* Debug */ = {
			isa = XCBuildConfiguration;
			buildSettings = {
				ASSETCATALOG_COMPILER_APPICON_NAME = AppIcon;
				CODE_SIGN_STYLE = Automatic;
				INFOPLIST_FILE = TaskLogger/Info.plist;
				LD_RUNPATH_SEARCH_PATHS = (
					"$(inherited)",
					"@executable_path/Frameworks",
				);
				PRODUCT_BUNDLE_IDENTIFIER = com.kodesnippets.TaskLogger;
				PRODUCT_NAME = "$(TARGET_NAME)";
				SWIFT_VERSION = 4.0;
				TARGETED_DEVICE_FAMILY = "1,2";
			};
			name = Debug;
		};
		7B6F6418215782FD0079749C /* Release */ = {
			isa = XCBuildConfiguration;
			buildSettings = {
				ASSETCATALOG_COMPILER_APPICON_NAME = AppIcon;
				CODE_SIGN_STYLE = Automatic;
				INFOPLIST_FILE = TaskLogger/Info.plist;
				LD_RUNPATH_SEARCH_PATHS = (
					"$(inherited)",
					"@executable_path/Frameworks",
				);
				PRODUCT_BUNDLE_IDENTIFIER = com.kodesnippets.TaskLogger;
				PRODUCT_NAME = "$(TARGET_NAME)";
				SWIFT_VERSION = 4.0;
				TARGETED_DEVICE_FAMILY = "1,2";
			};
			name = Release;
		};
/* End XCBuildConfiguration section */

/* Begin XCConfigurationList section */
		7B6F63FF215782F30079749C /* Build configuration list for PBXProject "TaskLogger" */ = {
			isa = XCConfigurationList;
			buildConfigurations = (
				7B6F6414215782FD0079749C /* Debug */,
				7B6F6415215782FD0079749C /* Release */,
			);
			defaultConfigurationIsVisible = 0;
			defaultConfigurationName = Release;
		};
		7B6F6416215782FD0079749C /* Build configuration list for PBXNativeTarget "TaskLogger" */ = {
			isa = XCConfigurationList;
			buildConfigurations = (
				7B6F6417215782FD0079749C /* Debug */,
				7B6F6418215782FD0079749C /* Release */,
			);
			defaultConfigurationIsVisible = 0;
			defaultConfigurationName = Release;
		};
/* End XCConfigurationList section */
	};
	rootObject = 7B6F63FC215782F30079749C /* Project object */;
}
